
Microsoft Visual Studio Solution File, Format Version 12.00
# Visual Studio Version 16
VisualStudioVersion = 16.0.29806.167
MinimumVisualStudioVersion = 10.0.40219.1
Project("{8BC9CEB8-8B4A-11D0-8D11-00A0C91BC942}") = "FishEngine", "FishEngine\FishEngine.vcxproj", "{7651A5EE-843C-43BD-98BE-AFE8D807153D}"
EndProject
Project("{8BC9CEB8-8B4A-11D0-8D11-00A0C91BC942}") = "FIDImporter", "FIDImporter\FIDImporter.vcxproj", "{6698EABC-FBA4-4116-A629-6C74EED7B958}"
EndProject
Global
	GlobalSection(SolutionConfigurationPlatforms) = preSolution
		Debug|x64 = Debug|x64
		Debug|x86 = Debug|x86
		Release|x64 = Release|x64
		Release|x86 = Release|x86
	EndGlobalSection
	GlobalSection(ProjectConfigurationPlatforms) = postSolution
		{7651A5EE-843C-43BD-98BE-AFE8D807153D}.Debug|x64.ActiveCfg = Debug|x64
		{7651A5EE-843C-43BD-98BE-AFE8D807153D}.Debug|x64.Build.0 = Debug|x64
		{7651A5EE-843C-43BD-98BE-AFE8D807153D}.Debug|x86.ActiveCfg = Debug|Win32
		{7651A5EE-843C-43BD-98BE-AFE8D807153D}.Debug|x86.Build.0 = Debug|Win32
		{7651A5EE-843C-43BD-98BE-AFE8D807153D}.Release|x64.ActiveCfg = Release|x64
		{7651A5EE-843C-43BD-98BE-AFE8D807153D}.Release|x64.Build.0 = Release|x64
		{7651A5EE-843C-43BD-98BE-AFE8D807153D}.Release|x86.ActiveCfg = Release|Win32
		{7651A5EE-843C-43BD-98BE-AFE8D807153D}.Release|x86.Build.0 = Release|Win32
		{6698EABC-FBA4-4116-A629-6C74EED7B958}.Debug|x64.ActiveCfg = Debug|x64
		{6698EABC-FBA4-4116-A629-6C74EED7B958}.Debug|x64.Build.0 = Debug|x64
		{6698EABC-FBA4-4116-A629-6C74EED7B958}.Debug|x86.ActiveCfg = Debug|Win32
		{6698EABC-FBA4-4116-A629-6C74EED7B958}.Debug|x86.Build.0 = Debug|Win32
		{6698EABC-FBA4-4116-A629-6C74EED7B958}.Release|x64.ActiveCfg = Release|x64
		{6698EABC-FBA4-4116-A629-6C74EED7B958}.Release|x64.Build.0 = Release|x64
		{6698EABC-FBA4-4116-A629-6C74EED7B958}.Release|x86.ActiveCfg = Release|Win32
		{6698EABC-FBA4-4116-A629-6C74EED7B958}.Release|x86.Build.0 = Release|Win32
	EndGlobalSection
	GlobalSection(SolutionProperties) = preSolution
		HideSolutionNode = FALSE
	EndGlobalSection
	GlobalSection(ExtensibilityGlobals) = postSolution
		SolutionGuid = {0D8FB957-6B6A-4310-BE07-CEB4594A5E60}
	EndGlobalSection
EndGlobal
